
Microsoft Visual Studio Solution File, Format Version 12.00
# Visual Studio Version 17
VisualStudioVersion = 17.3.32901.215
MinimumVisualStudioVersion = 10.0.40219.1
Project("{FAE04EC0-301F-11D3-BF4B-00C04F79EFBC}") = "program", "program\program.csproj", "{285659BA-2E7F-452F-A5A3-174A569354E2}"
EndProject
Global
	GlobalSection(SolutionConfigurationPlatforms) = preSolution
		Debug|Any CPU = Debug|Any CPU
		Release|Any CPU = Release|Any CPU
	EndGlobalSection
	GlobalSection(ProjectConfigurationPlatforms) = postSolution
		{285659BA-2E7F-452F-A5A3-174A569354E2}.Debug|Any CPU.ActiveCfg = Debug|Any CPU
		{285659BA-2E7F-452F-A5A3-174A569354E2}.Debug|Any CPU.Build.0 = Debug|Any CPU
		{285659BA-2E7F-452F-A5A3-174A569354E2}.Release|Any CPU.ActiveCfg = Release|Any CPU
		{285659BA-2E7F-452F-A5A3-174A569354E2}.Release|Any CPU.Build.0 = Release|Any CPU
	EndGlobalSection
	GlobalSection(SolutionProperties) = preSolution
		HideSolutionNode = FALSE
	EndGlobalSection
	GlobalSection(ExtensibilityGlobals) = postSolution
		SolutionGuid = {C9684C40-7AF4-4BB4-97CC-39ECF2F485E8}
	EndGlobalSection
EndGlobal
