
Microsoft Visual Studio Solution File, Format Version 12.00
# Visual Studio Version 17
VisualStudioVersion = 17.2.32630.192
MinimumVisualStudioVersion = 10.0.40219.1
Project("{FAE04EC0-301F-11D3-BF4B-00C04F79EFBC}") = "Q7_Sum", "Q7_Sum\Q7_Sum.csproj", "{40B3FBBB-C146-4B4F-9413-75DE23C800E9}"
EndProject
Project("{FAE04EC0-301F-11D3-BF4B-00C04F79EFBC}") = "Q8_Sum2", "Q8_Sum2\Q8_Sum2.csproj", "{23B071A4-2320-4688-9581-FD891E64C78A}"
EndProject
Project("{FAE04EC0-301F-11D3-BF4B-00C04F79EFBC}") = "Q9_3Multiples", "Q9_3Multiples\Q9_3Multiples.csproj", "{3C09A3B0-A5EF-40FC-80A1-56A27FED68BB}"
EndProject
Project("{FAE04EC0-301F-11D3-BF4B-00C04F79EFBC}") = "Q10_CelsiusToFahrenheit", "Q10_CelsiusToFahrenheit\Q10_CelsiusToFahrenheit.csproj", "{FADD0E2A-8B3D-4F1E-B016-238AB16ADFA9}"
EndProject
Project("{FAE04EC0-301F-11D3-BF4B-00C04F79EFBC}") = "Q11_Machine", "Q11_Machine\Q11_Machine.csproj", "{3B88A226-D706-4FF9-A3B0-519446C78109}"
EndProject
Global
	GlobalSection(SolutionConfigurationPlatforms) = preSolution
		Debug|Any CPU = Debug|Any CPU
		Release|Any CPU = Release|Any CPU
	EndGlobalSection
	GlobalSection(ProjectConfigurationPlatforms) = postSolution
		{40B3FBBB-C146-4B4F-9413-75DE23C800E9}.Debug|Any CPU.ActiveCfg = Debug|Any CPU
		{40B3FBBB-C146-4B4F-9413-75DE23C800E9}.Debug|Any CPU.Build.0 = Debug|Any CPU
		{40B3FBBB-C146-4B4F-9413-75DE23C800E9}.Release|Any CPU.ActiveCfg = Release|Any CPU
		{40B3FBBB-C146-4B4F-9413-75DE23C800E9}.Release|Any CPU.Build.0 = Release|Any CPU
		{23B071A4-2320-4688-9581-FD891E64C78A}.Debug|Any CPU.ActiveCfg = Debug|Any CPU
		{23B071A4-2320-4688-9581-FD891E64C78A}.Debug|Any CPU.Build.0 = Debug|Any CPU
		{23B071A4-2320-4688-9581-FD891E64C78A}.Release|Any CPU.ActiveCfg = Release|Any CPU
		{23B071A4-2320-4688-9581-FD891E64C78A}.Release|Any CPU.Build.0 = Release|Any CPU
		{3C09A3B0-A5EF-40FC-80A1-56A27FED68BB}.Debug|Any CPU.ActiveCfg = Debug|Any CPU
		{3C09A3B0-A5EF-40FC-80A1-56A27FED68BB}.Debug|Any CPU.Build.0 = Debug|Any CPU
		{3C09A3B0-A5EF-40FC-80A1-56A27FED68BB}.Release|Any CPU.ActiveCfg = Release|Any CPU
		{3C09A3B0-A5EF-40FC-80A1-56A27FED68BB}.Release|Any CPU.Build.0 = Release|Any CPU
		{FADD0E2A-8B3D-4F1E-B016-238AB16ADFA9}.Debug|Any CPU.ActiveCfg = Debug|Any CPU
		{FADD0E2A-8B3D-4F1E-B016-238AB16ADFA9}.Debug|Any CPU.Build.0 = Debug|Any CPU
		{FADD0E2A-8B3D-4F1E-B016-238AB16ADFA9}.Release|Any CPU.ActiveCfg = Release|Any CPU
		{FADD0E2A-8B3D-4F1E-B016-238AB16ADFA9}.Release|Any CPU.Build.0 = Release|Any CPU
		{3B88A226-D706-4FF9-A3B0-519446C78109}.Debug|Any CPU.ActiveCfg = Debug|Any CPU
		{3B88A226-D706-4FF9-A3B0-519446C78109}.Debug|Any CPU.Build.0 = Debug|Any CPU
		{3B88A226-D706-4FF9-A3B0-519446C78109}.Release|Any CPU.ActiveCfg = Release|Any CPU
		{3B88A226-D706-4FF9-A3B0-519446C78109}.Release|Any CPU.Build.0 = Release|Any CPU
	EndGlobalSection
	GlobalSection(SolutionProperties) = preSolution
		HideSolutionNode = FALSE
	EndGlobalSection
	GlobalSection(ExtensibilityGlobals) = postSolution
		SolutionGuid = {9AF33262-32C9-4E5C-8BBA-D4E3B7F91991}
	EndGlobalSection
EndGlobal
