
Microsoft Visual Studio Solution File, Format Version 12.00
# Visual Studio Version 17
VisualStudioVersion = 17.2.32630.192
MinimumVisualStudioVersion = 10.0.40219.1
Project("{FAE04EC0-301F-11D3-BF4B-00C04F79EFBC}") = "Volume", "Volume\Volume.csproj", "{1F6AF264-AA07-4A69-A43C-E5C041F58F32}"
EndProject
Project("{FAE04EC0-301F-11D3-BF4B-00C04F79EFBC}") = "Average", "Average\Average.csproj", "{35EFE283-8FEE-4CDC-9D16-6BFA7DAE80B9}"
EndProject
Global
	GlobalSection(SolutionConfigurationPlatforms) = preSolution
		Debug|Any CPU = Debug|Any CPU
		Release|Any CPU = Release|Any CPU
	EndGlobalSection
	GlobalSection(ProjectConfigurationPlatforms) = postSolution
		{1F6AF264-AA07-4A69-A43C-E5C041F58F32}.Debug|Any CPU.ActiveCfg = Debug|Any CPU
		{1F6AF264-AA07-4A69-A43C-E5C041F58F32}.Debug|Any CPU.Build.0 = Debug|Any CPU
		{1F6AF264-AA07-4A69-A43C-E5C041F58F32}.Release|Any CPU.ActiveCfg = Release|Any CPU
		{1F6AF264-AA07-4A69-A43C-E5C041F58F32}.Release|Any CPU.Build.0 = Release|Any CPU
		{35EFE283-8FEE-4CDC-9D16-6BFA7DAE80B9}.Debug|Any CPU.ActiveCfg = Debug|Any CPU
		{35EFE283-8FEE-4CDC-9D16-6BFA7DAE80B9}.Debug|Any CPU.Build.0 = Debug|Any CPU
		{35EFE283-8FEE-4CDC-9D16-6BFA7DAE80B9}.Release|Any CPU.ActiveCfg = Release|Any CPU
		{35EFE283-8FEE-4CDC-9D16-6BFA7DAE80B9}.Release|Any CPU.Build.0 = Release|Any CPU
	EndGlobalSection
	GlobalSection(SolutionProperties) = preSolution
		HideSolutionNode = FALSE
	EndGlobalSection
	GlobalSection(ExtensibilityGlobals) = postSolution
		SolutionGuid = {BB2B6909-929F-4948-A3BA-6BB2F5945E49}
	EndGlobalSection
EndGlobal
