
Microsoft Visual Studio Solution File, Format Version 12.00
# Visual Studio Version 17
VisualStudioVersion = 17.3.32901.215
MinimumVisualStudioVersion = 10.0.40219.1
Project("{FAE04EC0-301F-11D3-BF4B-00C04F79EFBC}") = "GroceryCalculation", "GroceryCalculation\GroceryCalculation.csproj", "{76783073-3DC4-4135-940C-1A0CEF7EB624}"
EndProject
Global
	GlobalSection(SolutionConfigurationPlatforms) = preSolution
		Debug|Any CPU = Debug|Any CPU
		Release|Any CPU = Release|Any CPU
	EndGlobalSection
	GlobalSection(ProjectConfigurationPlatforms) = postSolution
		{76783073-3DC4-4135-940C-1A0CEF7EB624}.Debug|Any CPU.ActiveCfg = Debug|Any CPU
		{76783073-3DC4-4135-940C-1A0CEF7EB624}.Debug|Any CPU.Build.0 = Debug|Any CPU
		{76783073-3DC4-4135-940C-1A0CEF7EB624}.Release|Any CPU.ActiveCfg = Release|Any CPU
		{76783073-3DC4-4135-940C-1A0CEF7EB624}.Release|Any CPU.Build.0 = Release|Any CPU
	EndGlobalSection
	GlobalSection(SolutionProperties) = preSolution
		HideSolutionNode = FALSE
	EndGlobalSection
	GlobalSection(ExtensibilityGlobals) = postSolution
		SolutionGuid = {E7CD021C-746C-4A22-BA0D-72DECE238B21}
	EndGlobalSection
EndGlobal
