
Microsoft Visual Studio Solution File, Format Version 12.00
# Visual Studio Version 17
VisualStudioVersion = 17.2.32630.192
MinimumVisualStudioVersion = 10.0.40219.1
Project("{FAE04EC0-301F-11D3-BF4B-00C04F79EFBC}") = "exe1", "exe1\exe1.csproj", "{10C575D1-78E1-464B-BF4B-B47F57803ED1}"
EndProject
Global
	GlobalSection(SolutionConfigurationPlatforms) = preSolution
		Debug|Any CPU = Debug|Any CPU
		Release|Any CPU = Release|Any CPU
	EndGlobalSection
	GlobalSection(ProjectConfigurationPlatforms) = postSolution
		{10C575D1-78E1-464B-BF4B-B47F57803ED1}.Debug|Any CPU.ActiveCfg = Debug|Any CPU
		{10C575D1-78E1-464B-BF4B-B47F57803ED1}.Debug|Any CPU.Build.0 = Debug|Any CPU
		{10C575D1-78E1-464B-BF4B-B47F57803ED1}.Release|Any CPU.ActiveCfg = Release|Any CPU
		{10C575D1-78E1-464B-BF4B-B47F57803ED1}.Release|Any CPU.Build.0 = Release|Any CPU
	EndGlobalSection
	GlobalSection(SolutionProperties) = preSolution
		HideSolutionNode = FALSE
	EndGlobalSection
	GlobalSection(ExtensibilityGlobals) = postSolution
		SolutionGuid = {A292FF23-68C2-4F88-A135-4F14A1F765B3}
	EndGlobalSection
EndGlobal
