
Microsoft Visual Studio Solution File, Format Version 12.00
# Visual Studio Version 17
VisualStudioVersion = 17.3.32901.215
MinimumVisualStudioVersion = 10.0.40219.1
Project("{FAE04EC0-301F-11D3-BF4B-00C04F79EFBC}") = "Q1a_Name", "ConsoleApp1\Q1a_Name.csproj", "{524E5958-BBBE-48CB-BC68-4E062FA29B97}"
EndProject
Project("{FAE04EC0-301F-11D3-BF4B-00C04F79EFBC}") = "Q2a_Bill", "Q2_Bill\Q2a_Bill.csproj", "{2EA71071-7757-475B-8401-0C50FCABD69E}"
EndProject
Project("{FAE04EC0-301F-11D3-BF4B-00C04F79EFBC}") = "Q3a_Casting", "Q3a_Casting\Q3a_Casting.csproj", "{44B4D5DA-4874-409C-9637-F5CD3D7360C7}"
EndProject
Global
	GlobalSection(SolutionConfigurationPlatforms) = preSolution
		Debug|Any CPU = Debug|Any CPU
		Release|Any CPU = Release|Any CPU
	EndGlobalSection
	GlobalSection(ProjectConfigurationPlatforms) = postSolution
		{524E5958-BBBE-48CB-BC68-4E062FA29B97}.Debug|Any CPU.ActiveCfg = Debug|Any CPU
		{524E5958-BBBE-48CB-BC68-4E062FA29B97}.Debug|Any CPU.Build.0 = Debug|Any CPU
		{524E5958-BBBE-48CB-BC68-4E062FA29B97}.Release|Any CPU.ActiveCfg = Release|Any CPU
		{524E5958-BBBE-48CB-BC68-4E062FA29B97}.Release|Any CPU.Build.0 = Release|Any CPU
		{2EA71071-7757-475B-8401-0C50FCABD69E}.Debug|Any CPU.ActiveCfg = Debug|Any CPU
		{2EA71071-7757-475B-8401-0C50FCABD69E}.Debug|Any CPU.Build.0 = Debug|Any CPU
		{2EA71071-7757-475B-8401-0C50FCABD69E}.Release|Any CPU.ActiveCfg = Release|Any CPU
		{2EA71071-7757-475B-8401-0C50FCABD69E}.Release|Any CPU.Build.0 = Release|Any CPU
		{44B4D5DA-4874-409C-9637-F5CD3D7360C7}.Debug|Any CPU.ActiveCfg = Debug|Any CPU
		{44B4D5DA-4874-409C-9637-F5CD3D7360C7}.Debug|Any CPU.Build.0 = Debug|Any CPU
		{44B4D5DA-4874-409C-9637-F5CD3D7360C7}.Release|Any CPU.ActiveCfg = Release|Any CPU
		{44B4D5DA-4874-409C-9637-F5CD3D7360C7}.Release|Any CPU.Build.0 = Release|Any CPU
	EndGlobalSection
	GlobalSection(SolutionProperties) = preSolution
		HideSolutionNode = FALSE
	EndGlobalSection
	GlobalSection(ExtensibilityGlobals) = postSolution
		SolutionGuid = {98673389-3EBC-426B-8758-3E4771AF27B6}
	EndGlobalSection
EndGlobal
