
Microsoft Visual Studio Solution File, Format Version 12.00
# Visual Studio Version 17
VisualStudioVersion = 17.3.32901.215
MinimumVisualStudioVersion = 10.0.40219.1
Project("{FAE04EC0-301F-11D3-BF4B-00C04F79EFBC}") = "Part1", "Part1\Part1.csproj", "{00FE5521-DAB5-46C8-A64C-FA84D1BA795E}"
EndProject
Project("{FAE04EC0-301F-11D3-BF4B-00C04F79EFBC}") = "Part2", "Part2\Part2.csproj", "{E686F769-006F-4BE3-9DE7-81A37DD3390A}"
EndProject
Project("{FAE04EC0-301F-11D3-BF4B-00C04F79EFBC}") = "Part3", "Part3\Part3.csproj", "{C7FE4B32-E9F0-4D40-9606-30453F11CE98}"
EndProject
Project("{FAE04EC0-301F-11D3-BF4B-00C04F79EFBC}") = "Part4", "Part4\Part4.csproj", "{395E1149-8B87-448C-9897-762B33354F3C}"
EndProject
Global
	GlobalSection(SolutionConfigurationPlatforms) = preSolution
		Debug|Any CPU = Debug|Any CPU
		Release|Any CPU = Release|Any CPU
	EndGlobalSection
	GlobalSection(ProjectConfigurationPlatforms) = postSolution
		{00FE5521-DAB5-46C8-A64C-FA84D1BA795E}.Debug|Any CPU.ActiveCfg = Debug|Any CPU
		{00FE5521-DAB5-46C8-A64C-FA84D1BA795E}.Debug|Any CPU.Build.0 = Debug|Any CPU
		{00FE5521-DAB5-46C8-A64C-FA84D1BA795E}.Release|Any CPU.ActiveCfg = Release|Any CPU
		{00FE5521-DAB5-46C8-A64C-FA84D1BA795E}.Release|Any CPU.Build.0 = Release|Any CPU
		{E686F769-006F-4BE3-9DE7-81A37DD3390A}.Debug|Any CPU.ActiveCfg = Debug|Any CPU
		{E686F769-006F-4BE3-9DE7-81A37DD3390A}.Debug|Any CPU.Build.0 = Debug|Any CPU
		{E686F769-006F-4BE3-9DE7-81A37DD3390A}.Release|Any CPU.ActiveCfg = Release|Any CPU
		{E686F769-006F-4BE3-9DE7-81A37DD3390A}.Release|Any CPU.Build.0 = Release|Any CPU
		{C7FE4B32-E9F0-4D40-9606-30453F11CE98}.Debug|Any CPU.ActiveCfg = Debug|Any CPU
		{C7FE4B32-E9F0-4D40-9606-30453F11CE98}.Debug|Any CPU.Build.0 = Debug|Any CPU
		{C7FE4B32-E9F0-4D40-9606-30453F11CE98}.Release|Any CPU.ActiveCfg = Release|Any CPU
		{C7FE4B32-E9F0-4D40-9606-30453F11CE98}.Release|Any CPU.Build.0 = Release|Any CPU
		{395E1149-8B87-448C-9897-762B33354F3C}.Debug|Any CPU.ActiveCfg = Debug|Any CPU
		{395E1149-8B87-448C-9897-762B33354F3C}.Debug|Any CPU.Build.0 = Debug|Any CPU
		{395E1149-8B87-448C-9897-762B33354F3C}.Release|Any CPU.ActiveCfg = Release|Any CPU
		{395E1149-8B87-448C-9897-762B33354F3C}.Release|Any CPU.Build.0 = Release|Any CPU
	EndGlobalSection
	GlobalSection(SolutionProperties) = preSolution
		HideSolutionNode = FALSE
	EndGlobalSection
	GlobalSection(ExtensibilityGlobals) = postSolution
		SolutionGuid = {AE180C47-B189-4F85-82C1-BDF6ECABD15E}
	EndGlobalSection
EndGlobal
