
Microsoft Visual Studio Solution File, Format Version 12.00
# Visual Studio Version 17
VisualStudioVersion = 17.2.32630.192
MinimumVisualStudioVersion = 10.0.40219.1
Project("{FAE04EC0-301F-11D3-BF4B-00C04F79EFBC}") = "notes", "notes\notes.csproj", "{28245E2E-EB54-4F3A-88E0-A1E85D100B63}"
EndProject
Project("{FAE04EC0-301F-11D3-BF4B-00C04F79EFBC}") = "Q8_ON", "Q8_ON\Q8_ON.csproj", "{2869990D-9C55-45C5-9CA0-622EAD0C912B}"
EndProject
Global
	GlobalSection(SolutionConfigurationPlatforms) = preSolution
		Debug|Any CPU = Debug|Any CPU
		Release|Any CPU = Release|Any CPU
	EndGlobalSection
	GlobalSection(ProjectConfigurationPlatforms) = postSolution
		{28245E2E-EB54-4F3A-88E0-A1E85D100B63}.Debug|Any CPU.ActiveCfg = Debug|Any CPU
		{28245E2E-EB54-4F3A-88E0-A1E85D100B63}.Debug|Any CPU.Build.0 = Debug|Any CPU
		{28245E2E-EB54-4F3A-88E0-A1E85D100B63}.Release|Any CPU.ActiveCfg = Release|Any CPU
		{28245E2E-EB54-4F3A-88E0-A1E85D100B63}.Release|Any CPU.Build.0 = Release|Any CPU
		{2869990D-9C55-45C5-9CA0-622EAD0C912B}.Debug|Any CPU.ActiveCfg = Debug|Any CPU
		{2869990D-9C55-45C5-9CA0-622EAD0C912B}.Debug|Any CPU.Build.0 = Debug|Any CPU
		{2869990D-9C55-45C5-9CA0-622EAD0C912B}.Release|Any CPU.ActiveCfg = Release|Any CPU
		{2869990D-9C55-45C5-9CA0-622EAD0C912B}.Release|Any CPU.Build.0 = Release|Any CPU
	EndGlobalSection
	GlobalSection(SolutionProperties) = preSolution
		HideSolutionNode = FALSE
	EndGlobalSection
	GlobalSection(ExtensibilityGlobals) = postSolution
		SolutionGuid = {DCD2F91B-F896-43A9-ACFA-095B739BB834}
	EndGlobalSection
EndGlobal
