
Microsoft Visual Studio Solution File, Format Version 12.00
# Visual Studio Version 17
VisualStudioVersion = 17.3.32901.215
MinimumVisualStudioVersion = 10.0.40219.1
Project("{FAE04EC0-301F-11D3-BF4B-00C04F79EFBC}") = "T1", "t1\T1.csproj", "{7A55D792-24A3-48A2-A4A9-96A9112356B5}"
EndProject
Project("{FAE04EC0-301F-11D3-BF4B-00C04F79EFBC}") = "1B", "1B\1B.csproj", "{FDBA57C1-0159-40B6-8E5B-09F925AB76D3}"
EndProject
Project("{FAE04EC0-301F-11D3-BF4B-00C04F79EFBC}") = "2C", "2C\2C.csproj", "{A2E5345C-71FE-4CED-B591-290D0E10AC5D}"
EndProject
Project("{FAE04EC0-301F-11D3-BF4B-00C04F79EFBC}") = "3D", "3D\3D.csproj", "{88BF80DA-A64E-4C6D-B7D7-A76D5A6355A2}"
EndProject
Project("{FAE04EC0-301F-11D3-BF4B-00C04F79EFBC}") = "4A", "4A\4A.csproj", "{3D773D3B-1324-49F0-9836-078C88F3381D}"
EndProject
Project("{FAE04EC0-301F-11D3-BF4B-00C04F79EFBC}") = "5B", "5B\5B.csproj", "{D26FBCBC-CB41-4D2B-920E-6FB0A7D294B8}"
EndProject
Global
	GlobalSection(SolutionConfigurationPlatforms) = preSolution
		Debug|Any CPU = Debug|Any CPU
		Release|Any CPU = Release|Any CPU
	EndGlobalSection
	GlobalSection(ProjectConfigurationPlatforms) = postSolution
		{7A55D792-24A3-48A2-A4A9-96A9112356B5}.Debug|Any CPU.ActiveCfg = Debug|Any CPU
		{7A55D792-24A3-48A2-A4A9-96A9112356B5}.Debug|Any CPU.Build.0 = Debug|Any CPU
		{7A55D792-24A3-48A2-A4A9-96A9112356B5}.Release|Any CPU.ActiveCfg = Release|Any CPU
		{7A55D792-24A3-48A2-A4A9-96A9112356B5}.Release|Any CPU.Build.0 = Release|Any CPU
		{FDBA57C1-0159-40B6-8E5B-09F925AB76D3}.Debug|Any CPU.ActiveCfg = Debug|Any CPU
		{FDBA57C1-0159-40B6-8E5B-09F925AB76D3}.Debug|Any CPU.Build.0 = Debug|Any CPU
		{FDBA57C1-0159-40B6-8E5B-09F925AB76D3}.Release|Any CPU.ActiveCfg = Release|Any CPU
		{FDBA57C1-0159-40B6-8E5B-09F925AB76D3}.Release|Any CPU.Build.0 = Release|Any CPU
		{A2E5345C-71FE-4CED-B591-290D0E10AC5D}.Debug|Any CPU.ActiveCfg = Debug|Any CPU
		{A2E5345C-71FE-4CED-B591-290D0E10AC5D}.Debug|Any CPU.Build.0 = Debug|Any CPU
		{A2E5345C-71FE-4CED-B591-290D0E10AC5D}.Release|Any CPU.ActiveCfg = Release|Any CPU
		{A2E5345C-71FE-4CED-B591-290D0E10AC5D}.Release|Any CPU.Build.0 = Release|Any CPU
		{88BF80DA-A64E-4C6D-B7D7-A76D5A6355A2}.Debug|Any CPU.ActiveCfg = Debug|Any CPU
		{88BF80DA-A64E-4C6D-B7D7-A76D5A6355A2}.Debug|Any CPU.Build.0 = Debug|Any CPU
		{88BF80DA-A64E-4C6D-B7D7-A76D5A6355A2}.Release|Any CPU.ActiveCfg = Release|Any CPU
		{88BF80DA-A64E-4C6D-B7D7-A76D5A6355A2}.Release|Any CPU.Build.0 = Release|Any CPU
		{3D773D3B-1324-49F0-9836-078C88F3381D}.Debug|Any CPU.ActiveCfg = Debug|Any CPU
		{3D773D3B-1324-49F0-9836-078C88F3381D}.Debug|Any CPU.Build.0 = Debug|Any CPU
		{3D773D3B-1324-49F0-9836-078C88F3381D}.Release|Any CPU.ActiveCfg = Release|Any CPU
		{3D773D3B-1324-49F0-9836-078C88F3381D}.Release|Any CPU.Build.0 = Release|Any CPU
		{D26FBCBC-CB41-4D2B-920E-6FB0A7D294B8}.Debug|Any CPU.ActiveCfg = Debug|Any CPU
		{D26FBCBC-CB41-4D2B-920E-6FB0A7D294B8}.Debug|Any CPU.Build.0 = Debug|Any CPU
		{D26FBCBC-CB41-4D2B-920E-6FB0A7D294B8}.Release|Any CPU.ActiveCfg = Release|Any CPU
		{D26FBCBC-CB41-4D2B-920E-6FB0A7D294B8}.Release|Any CPU.Build.0 = Release|Any CPU
	EndGlobalSection
	GlobalSection(SolutionProperties) = preSolution
		HideSolutionNode = FALSE
	EndGlobalSection
	GlobalSection(ExtensibilityGlobals) = postSolution
		SolutionGuid = {88F6B948-33D1-489B-B9A6-953C8B218BE5}
	EndGlobalSection
EndGlobal
