
Microsoft Visual Studio Solution File, Format Version 12.00
# Visual Studio Version 17
VisualStudioVersion = 17.2.32630.192
MinimumVisualStudioVersion = 10.0.40219.1
Project("{FAE04EC0-301F-11D3-BF4B-00C04F79EFBC}") = "Assignment", "Assignment\Assignment.csproj", "{456973AA-92BD-4E00-8D10-1034EE29ADD5}"
EndProject
Global
	GlobalSection(SolutionConfigurationPlatforms) = preSolution
		Debug|Any CPU = Debug|Any CPU
		Release|Any CPU = Release|Any CPU
	EndGlobalSection
	GlobalSection(ProjectConfigurationPlatforms) = postSolution
		{456973AA-92BD-4E00-8D10-1034EE29ADD5}.Debug|Any CPU.ActiveCfg = Debug|Any CPU
		{456973AA-92BD-4E00-8D10-1034EE29ADD5}.Debug|Any CPU.Build.0 = Debug|Any CPU
		{456973AA-92BD-4E00-8D10-1034EE29ADD5}.Release|Any CPU.ActiveCfg = Release|Any CPU
		{456973AA-92BD-4E00-8D10-1034EE29ADD5}.Release|Any CPU.Build.0 = Release|Any CPU
	EndGlobalSection
	GlobalSection(SolutionProperties) = preSolution
		HideSolutionNode = FALSE
	EndGlobalSection
	GlobalSection(ExtensibilityGlobals) = postSolution
		SolutionGuid = {E5BD7C7A-7C42-4FBC-93BA-7B2E31D95131}
	EndGlobalSection
EndGlobal
